
Microsoft Visual Studio Solution File, Format Version 12.00
# Visual Studio 15
VisualStudioVersion = 15.0.26730.10
MinimumVisualStudioVersion = 10.0.40219.1
Project("{8BC9CEB8-8B4A-11D0-8D11-00A0C91BC942}") = "SparCraft", "..\..\SparCraft\VisualStudio\SparCraft.vcxproj", "{66236439-5968-4756-B2E7-8A29BEA99078}"
EndProject
Project("{8BC9CEB8-8B4A-11D0-8D11-00A0C91BC942}") = "BOSS", "..\..\BOSS\VisualStudio\BOSS.vcxproj", "{9F8709E3-AC4F-45F2-8105-4A99D8E2A127}"
EndProject
Project("{8BC9CEB8-8B4A-11D0-8D11-00A0C91BC942}") = "AKBot", "AKBot.vcxproj", "{572AF06A-4078-4C5A-ABCE-B29C84050E6D}"
	ProjectSection(ProjectDependencies) = postProject
		{66236439-5968-4756-B2E7-8A29BEA99078} = {66236439-5968-4756-B2E7-8A29BEA99078}
		{9F8709E3-AC4F-45F2-8105-4A99D8E2A127} = {9F8709E3-AC4F-45F2-8105-4A99D8E2A127}
	EndProjectSection
EndProject
Project("{8BC9CEB8-8B4A-11D0-8D11-00A0C91BC942}") = "AKBot_exe", "AKBot_exe.vcxproj", "{2E63AE74-758A-4607-9DE4-D28E814A6E13}"
	ProjectSection(ProjectDependencies) = postProject
		{66236439-5968-4756-B2E7-8A29BEA99078} = {66236439-5968-4756-B2E7-8A29BEA99078}
		{572AF06A-4078-4C5A-ABCE-B29C84050E6D} = {572AF06A-4078-4C5A-ABCE-B29C84050E6D}
		{9F8709E3-AC4F-45F2-8105-4A99D8E2A127} = {9F8709E3-AC4F-45F2-8105-4A99D8E2A127}
	EndProjectSection
EndProject
Project("{8BC9CEB8-8B4A-11D0-8D11-00A0C91BC942}") = "AKBot_dll", "AKBot_dll.vcxproj", "{82F37540-2170-4174-9E7A-CCF3F00515CE}"
	ProjectSection(ProjectDependencies) = postProject
		{66236439-5968-4756-B2E7-8A29BEA99078} = {66236439-5968-4756-B2E7-8A29BEA99078}
		{572AF06A-4078-4C5A-ABCE-B29C84050E6D} = {572AF06A-4078-4C5A-ABCE-B29C84050E6D}
		{9F8709E3-AC4F-45F2-8105-4A99D8E2A127} = {9F8709E3-AC4F-45F2-8105-4A99D8E2A127}
	EndProjectSection
EndProject
Project("{2150E333-8FDC-42A3-9474-1A3956D46DE8}") = "Solution Items", "Solution Items", "{7FCF4B70-B037-4BF3-9035-4DAE67624C7F}"
	ProjectSection(SolutionItems) = preProject
		..\bin\AK_Config.json = ..\bin\AK_Config.json
		..\..\README.md = ..\..\README.md
	EndProjectSection
EndProject
Project("{8BC9CEB8-8B4A-11D0-8D11-00A0C91BC942}") = "AkBot.Tests", "AkBot.Tests.vcxproj", "{E820D162-3357-4319-B00E-92BA9A93E1D6}"
EndProject
Global
	GlobalSection(SolutionConfigurationPlatforms) = preSolution
		Debug_SSCAIT|Itanium = Debug_SSCAIT|Itanium
		Debug_SSCAIT|Win32 = Debug_SSCAIT|Win32
		Debug_SSCAIT|x64 = Debug_SSCAIT|x64
		Debug|Itanium = Debug|Itanium
		Debug|Win32 = Debug|Win32
		Debug|x64 = Debug|x64
		Release_SSCAIT|Itanium = Release_SSCAIT|Itanium
		Release_SSCAIT|Win32 = Release_SSCAIT|Win32
		Release_SSCAIT|x64 = Release_SSCAIT|x64
		Release|Itanium = Release|Itanium
		Release|Win32 = Release|Win32
		Release|x64 = Release|x64
	EndGlobalSection
	GlobalSection(ProjectConfigurationPlatforms) = postSolution
		{66236439-5968-4756-B2E7-8A29BEA99078}.Debug_SSCAIT|Itanium.ActiveCfg = Debug|Win32
		{66236439-5968-4756-B2E7-8A29BEA99078}.Debug_SSCAIT|Win32.ActiveCfg = Debug_SSCAIT|Win32
		{66236439-5968-4756-B2E7-8A29BEA99078}.Debug_SSCAIT|Win32.Build.0 = Debug_SSCAIT|Win32
		{66236439-5968-4756-B2E7-8A29BEA99078}.Debug_SSCAIT|x64.ActiveCfg = Debug|x64
		{66236439-5968-4756-B2E7-8A29BEA99078}.Debug_SSCAIT|x64.Build.0 = Debug|x64
		{66236439-5968-4756-B2E7-8A29BEA99078}.Debug|Itanium.ActiveCfg = Debug|Win32
		{66236439-5968-4756-B2E7-8A29BEA99078}.Debug|Win32.ActiveCfg = Debug|Win32
		{66236439-5968-4756-B2E7-8A29BEA99078}.Debug|Win32.Build.0 = Debug|Win32
		{66236439-5968-4756-B2E7-8A29BEA99078}.Debug|x64.ActiveCfg = Debug|x64
		{66236439-5968-4756-B2E7-8A29BEA99078}.Debug|x64.Build.0 = Debug|x64
		{66236439-5968-4756-B2E7-8A29BEA99078}.Release_SSCAIT|Itanium.ActiveCfg = Release_SSCAIT|Win32
		{66236439-5968-4756-B2E7-8A29BEA99078}.Release_SSCAIT|Win32.ActiveCfg = Release_SSCAIT|Win32
		{66236439-5968-4756-B2E7-8A29BEA99078}.Release_SSCAIT|Win32.Build.0 = Release_SSCAIT|Win32
		{66236439-5968-4756-B2E7-8A29BEA99078}.Release_SSCAIT|x64.ActiveCfg = Release_SSCAIT|x64
		{66236439-5968-4756-B2E7-8A29BEA99078}.Release_SSCAIT|x64.Build.0 = Release_SSCAIT|x64
		{66236439-5968-4756-B2E7-8A29BEA99078}.Release|Itanium.ActiveCfg = Release|Win32
		{66236439-5968-4756-B2E7-8A29BEA99078}.Release|Win32.ActiveCfg = Release|Win32
		{66236439-5968-4756-B2E7-8A29BEA99078}.Release|Win32.Build.0 = Release|Win32
		{66236439-5968-4756-B2E7-8A29BEA99078}.Release|x64.ActiveCfg = Release|x64
		{66236439-5968-4756-B2E7-8A29BEA99078}.Release|x64.Build.0 = Release|x64
		{9F8709E3-AC4F-45F2-8105-4A99D8E2A127}.Debug_SSCAIT|Itanium.ActiveCfg = Debug|Win32
		{9F8709E3-AC4F-45F2-8105-4A99D8E2A127}.Debug_SSCAIT|Win32.ActiveCfg = Debug_SSCAIT|Win32
		{9F8709E3-AC4F-45F2-8105-4A99D8E2A127}.Debug_SSCAIT|Win32.Build.0 = Debug_SSCAIT|Win32
		{9F8709E3-AC4F-45F2-8105-4A99D8E2A127}.Debug_SSCAIT|x64.ActiveCfg = Debug|Win32
		{9F8709E3-AC4F-45F2-8105-4A99D8E2A127}.Debug|Itanium.ActiveCfg = Debug|Win32
		{9F8709E3-AC4F-45F2-8105-4A99D8E2A127}.Debug|Win32.ActiveCfg = Debug|Win32
		{9F8709E3-AC4F-45F2-8105-4A99D8E2A127}.Debug|Win32.Build.0 = Debug|Win32
		{9F8709E3-AC4F-45F2-8105-4A99D8E2A127}.Debug|x64.ActiveCfg = Debug|Win32
		{9F8709E3-AC4F-45F2-8105-4A99D8E2A127}.Release_SSCAIT|Itanium.ActiveCfg = Release_SSCAIT|Win32
		{9F8709E3-AC4F-45F2-8105-4A99D8E2A127}.Release_SSCAIT|Win32.ActiveCfg = Release_SSCAIT|Win32
		{9F8709E3-AC4F-45F2-8105-4A99D8E2A127}.Release_SSCAIT|Win32.Build.0 = Release_SSCAIT|Win32
		{9F8709E3-AC4F-45F2-8105-4A99D8E2A127}.Release_SSCAIT|x64.ActiveCfg = Release_SSCAIT|Win32
		{9F8709E3-AC4F-45F2-8105-4A99D8E2A127}.Release|Itanium.ActiveCfg = Release|Win32
		{9F8709E3-AC4F-45F2-8105-4A99D8E2A127}.Release|Win32.ActiveCfg = Release|Win32
		{9F8709E3-AC4F-45F2-8105-4A99D8E2A127}.Release|Win32.Build.0 = Release|Win32
		{9F8709E3-AC4F-45F2-8105-4A99D8E2A127}.Release|x64.ActiveCfg = Release|Win32
		{572AF06A-4078-4C5A-ABCE-B29C84050E6D}.Debug_SSCAIT|Itanium.ActiveCfg = Debug|Win32
		{572AF06A-4078-4C5A-ABCE-B29C84050E6D}.Debug_SSCAIT|Win32.ActiveCfg = Debug_SSCAIT|Win32
		{572AF06A-4078-4C5A-ABCE-B29C84050E6D}.Debug_SSCAIT|Win32.Build.0 = Debug_SSCAIT|Win32
		{572AF06A-4078-4C5A-ABCE-B29C84050E6D}.Debug_SSCAIT|x64.ActiveCfg = Debug|Win32
		{572AF06A-4078-4C5A-ABCE-B29C84050E6D}.Debug|Itanium.ActiveCfg = Debug|Win32
		{572AF06A-4078-4C5A-ABCE-B29C84050E6D}.Debug|Win32.ActiveCfg = Debug|Win32
		{572AF06A-4078-4C5A-ABCE-B29C84050E6D}.Debug|Win32.Build.0 = Debug|Win32
		{572AF06A-4078-4C5A-ABCE-B29C84050E6D}.Debug|x64.ActiveCfg = Debug|Win32
		{572AF06A-4078-4C5A-ABCE-B29C84050E6D}.Release_SSCAIT|Itanium.ActiveCfg = Release_SSCAIT|Win32
		{572AF06A-4078-4C5A-ABCE-B29C84050E6D}.Release_SSCAIT|Win32.ActiveCfg = Release_SSCAIT|Win32
		{572AF06A-4078-4C5A-ABCE-B29C84050E6D}.Release_SSCAIT|Win32.Build.0 = Release_SSCAIT|Win32
		{572AF06A-4078-4C5A-ABCE-B29C84050E6D}.Release_SSCAIT|x64.ActiveCfg = Release_SSCAIT|Win32
		{572AF06A-4078-4C5A-ABCE-B29C84050E6D}.Release|Itanium.ActiveCfg = Release|Win32
		{572AF06A-4078-4C5A-ABCE-B29C84050E6D}.Release|Win32.ActiveCfg = Release|Win32
		{572AF06A-4078-4C5A-ABCE-B29C84050E6D}.Release|Win32.Build.0 = Release|Win32
		{572AF06A-4078-4C5A-ABCE-B29C84050E6D}.Release|x64.ActiveCfg = Release|Win32
		{2E63AE74-758A-4607-9DE4-D28E814A6E13}.Debug_SSCAIT|Itanium.ActiveCfg = Debug|Win32
		{2E63AE74-758A-4607-9DE4-D28E814A6E13}.Debug_SSCAIT|Win32.ActiveCfg = Debug_SSCAIT|Win32
		{2E63AE74-758A-4607-9DE4-D28E814A6E13}.Debug_SSCAIT|Win32.Build.0 = Debug_SSCAIT|Win32
		{2E63AE74-758A-4607-9DE4-D28E814A6E13}.Debug_SSCAIT|x64.ActiveCfg = Debug|Win32
		{2E63AE74-758A-4607-9DE4-D28E814A6E13}.Debug|Itanium.ActiveCfg = Debug|Win32
		{2E63AE74-758A-4607-9DE4-D28E814A6E13}.Debug|Win32.ActiveCfg = Debug|Win32
		{2E63AE74-758A-4607-9DE4-D28E814A6E13}.Debug|Win32.Build.0 = Debug|Win32
		{2E63AE74-758A-4607-9DE4-D28E814A6E13}.Debug|x64.ActiveCfg = Debug|Win32
		{2E63AE74-758A-4607-9DE4-D28E814A6E13}.Release_SSCAIT|Itanium.ActiveCfg = Release_SSCAIT|Win32
		{2E63AE74-758A-4607-9DE4-D28E814A6E13}.Release_SSCAIT|Win32.ActiveCfg = Release_SSCAIT|Win32
		{2E63AE74-758A-4607-9DE4-D28E814A6E13}.Release_SSCAIT|Win32.Build.0 = Release_SSCAIT|Win32
		{2E63AE74-758A-4607-9DE4-D28E814A6E13}.Release_SSCAIT|x64.ActiveCfg = Release_SSCAIT|Win32
		{2E63AE74-758A-4607-9DE4-D28E814A6E13}.Release|Itanium.ActiveCfg = Release|Win32
		{2E63AE74-758A-4607-9DE4-D28E814A6E13}.Release|Win32.ActiveCfg = Release|Win32
		{2E63AE74-758A-4607-9DE4-D28E814A6E13}.Release|Win32.Build.0 = Release|Win32
		{2E63AE74-758A-4607-9DE4-D28E814A6E13}.Release|x64.ActiveCfg = Release|Win32
		{82F37540-2170-4174-9E7A-CCF3F00515CE}.Debug_SSCAIT|Itanium.ActiveCfg = Debug|Win32
		{82F37540-2170-4174-9E7A-CCF3F00515CE}.Debug_SSCAIT|Win32.ActiveCfg = Debug_SSCAIT|Win32
		{82F37540-2170-4174-9E7A-CCF3F00515CE}.Debug_SSCAIT|Win32.Build.0 = Debug_SSCAIT|Win32
		{82F37540-2170-4174-9E7A-CCF3F00515CE}.Debug_SSCAIT|x64.ActiveCfg = Debug|Win32
		{82F37540-2170-4174-9E7A-CCF3F00515CE}.Debug|Itanium.ActiveCfg = Debug|Win32
		{82F37540-2170-4174-9E7A-CCF3F00515CE}.Debug|Win32.ActiveCfg = Debug|Win32
		{82F37540-2170-4174-9E7A-CCF3F00515CE}.Debug|Win32.Build.0 = Debug|Win32
		{82F37540-2170-4174-9E7A-CCF3F00515CE}.Debug|x64.ActiveCfg = Debug|Win32
		{82F37540-2170-4174-9E7A-CCF3F00515CE}.Release_SSCAIT|Itanium.ActiveCfg = Release_SSCAIT|Win32
		{82F37540-2170-4174-9E7A-CCF3F00515CE}.Release_SSCAIT|Win32.ActiveCfg = Release_SSCAIT|Win32
		{82F37540-2170-4174-9E7A-CCF3F00515CE}.Release_SSCAIT|Win32.Build.0 = Release_SSCAIT|Win32
		{82F37540-2170-4174-9E7A-CCF3F00515CE}.Release_SSCAIT|x64.ActiveCfg = Release_SSCAIT|Win32
		{82F37540-2170-4174-9E7A-CCF3F00515CE}.Release|Itanium.ActiveCfg = Release|Win32
		{82F37540-2170-4174-9E7A-CCF3F00515CE}.Release|Win32.ActiveCfg = Release|Win32
		{82F37540-2170-4174-9E7A-CCF3F00515CE}.Release|Win32.Build.0 = Release|Win32
		{82F37540-2170-4174-9E7A-CCF3F00515CE}.Release|x64.ActiveCfg = Release|Win32
		{E820D162-3357-4319-B00E-92BA9A93E1D6}.Debug_SSCAIT|Itanium.ActiveCfg = Release|x64
		{E820D162-3357-4319-B00E-92BA9A93E1D6}.Debug_SSCAIT|Itanium.Build.0 = Release|x64
		{E820D162-3357-4319-B00E-92BA9A93E1D6}.Debug_SSCAIT|Win32.ActiveCfg = Debug|Win32
		{E820D162-3357-4319-B00E-92BA9A93E1D6}.Debug_SSCAIT|x64.ActiveCfg = Debug|x64
		{E820D162-3357-4319-B00E-92BA9A93E1D6}.Debug_SSCAIT|x64.Build.0 = Debug|x64
		{E820D162-3357-4319-B00E-92BA9A93E1D6}.Debug|Itanium.ActiveCfg = Debug|Win32
		{E820D162-3357-4319-B00E-92BA9A93E1D6}.Debug|Win32.ActiveCfg = Debug|Win32
		{E820D162-3357-4319-B00E-92BA9A93E1D6}.Debug|Win32.Build.0 = Debug|Win32
		{E820D162-3357-4319-B00E-92BA9A93E1D6}.Debug|x64.ActiveCfg = Debug|x64
		{E820D162-3357-4319-B00E-92BA9A93E1D6}.Debug|x64.Build.0 = Debug|x64
		{E820D162-3357-4319-B00E-92BA9A93E1D6}.Release_SSCAIT|Itanium.ActiveCfg = Release|x64
		{E820D162-3357-4319-B00E-92BA9A93E1D6}.Release_SSCAIT|Win32.ActiveCfg = Release|Win32
		{E820D162-3357-4319-B00E-92BA9A93E1D6}.Release_SSCAIT|x64.ActiveCfg = Release|x64
		{E820D162-3357-4319-B00E-92BA9A93E1D6}.Release|Itanium.ActiveCfg = Release|Win32
		{E820D162-3357-4319-B00E-92BA9A93E1D6}.Release|Win32.ActiveCfg = Release|Win32
		{E820D162-3357-4319-B00E-92BA9A93E1D6}.Release|Win32.Build.0 = Release|Win32
		{E820D162-3357-4319-B00E-92BA9A93E1D6}.Release|x64.ActiveCfg = Release|x64
		{E820D162-3357-4319-B00E-92BA9A93E1D6}.Release|x64.Build.0 = Release|x64
	EndGlobalSection
	GlobalSection(SolutionProperties) = preSolution
		HideSolutionNode = FALSE
	EndGlobalSection
	GlobalSection(ExtensibilityGlobals) = postSolution
		SolutionGuid = {4A7755F3-0D7E-4071-BE06-FEABE73E9562}
	EndGlobalSection
EndGlobal
