<?xml version="1.0" encoding="utf-8"?>
<Project ToolsVersion="4.0" xmlns="http://schemas.microsoft.com/developer/msbuild/2003">
  <ItemGroup>
    <ClCompile Include="..\starterbot\main.cpp" />
    <ClCompile Include="..\starterbot\StarterBot.cpp" />
    <ClCompile Include="..\starterbot\Tools.cpp" />
    <ClCompile Include="..\starterbot\MapTools.cpp" />
  </ItemGroup>
  <ItemGroup>
    <ClInclude Include="..\starterbot\StarterBot.h" />
    <ClInclude Include="..\starterbot\Tools.h" />
    <ClInclude Include="..\starterbot\MapTools.h" />
    <ClInclude Include="..\starterbot\Grid.hpp" />
  </ItemGroup>
</Project>