<?xml version="1.0" encoding="utf-8"?>
<Project ToolsVersion="4.0" xmlns="http://schemas.microsoft.com/developer/msbuild/2003">
  <ItemGroup>
    <Filter Include="game">
      <UniqueIdentifier>{56aebc46-135f-424b-b9a1-d1dd9ac3caf3}</UniqueIdentifier>
    </Filter>
    <Filter Include="game\macro">
      <UniqueIdentifier>{a78e9ab8-4a81-4640-b6eb-f1eed3e4b1af}</UniqueIdentifier>
    </Filter>
    <Filter Include="game\combat">
      <UniqueIdentifier>{8e8c1957-bc1d-4bc8-90b0-95beab19d8a9}</UniqueIdentifier>
    </Filter>
    <Filter Include="game\combat\micro">
      <UniqueIdentifier>{e5971e4e-7c6b-4f4e-9fbe-4a5247b3cf51}</UniqueIdentifier>
    </Filter>
    <Filter Include="game\util">
      <UniqueIdentifier>{222db7e1-f821-4383-986a-83267e040564}</UniqueIdentifier>
    </Filter>
    <Filter Include="game\util\map">
      <UniqueIdentifier>{8ac87511-27d4-42ea-8402-6491d9206435}</UniqueIdentifier>
    </Filter>
    <Filter Include="module">
      <UniqueIdentifier>{b5d87a96-0443-4319-afc9-f457d890d031}</UniqueIdentifier>
    </Filter>
    <Filter Include="common">
      <UniqueIdentifier>{849d54bf-a76a-4425-8399-099fbe0360c4}</UniqueIdentifier>
    </Filter>
    <Filter Include="sparcraft">
      <UniqueIdentifier>{6b8863f5-e2f1-4ee3-ad58-f8c6bf761cc6}</UniqueIdentifier>
    </Filter>
    <Filter Include="game\combat\squad">
      <UniqueIdentifier>{32554737-6cf9-47c8-87c9-6db0b6ffcc51}</UniqueIdentifier>
    </Filter>
    <Filter Include="game\macro\buildorders">
      <UniqueIdentifier>{0984e4fa-2fbf-40e9-8c0d-304344df9718}</UniqueIdentifier>
    </Filter>
  </ItemGroup>
  <ItemGroup>
    <ClCompile Include="..\Source\CombatCommander.cpp">
      <Filter>game\combat</Filter>
    </ClCompile>
    <ClCompile Include="..\Source\Dll.cpp">
      <Filter>module</Filter>
    </ClCompile>
    <ClCompile Include="..\Source\UAlbertaBotModule.cpp">
      <Filter>module</Filter>
    </ClCompile>
    <ClCompile Include="..\Source\MapGrid.cpp">
      <Filter>game\util\map</Filter>
    </ClCompile>
    <ClCompile Include="..\Source\MapTools.cpp">
      <Filter>game\util\map</Filter>
    </ClCompile>
    <ClCompile Include="..\Source\GameCommander.cpp">
      <Filter>game</Filter>
    </ClCompile>
    <ClCompile Include="..\Source\Squad.cpp">
      <Filter>game\combat\squad</Filter>
    </ClCompile>
    <ClCompile Include="..\Source\SquadData.cpp">
      <Filter>game\combat\squad</Filter>
    </ClCompile>
    <ClCompile Include="..\Source\CombatSimulation.cpp">
      <Filter>game\combat</Filter>
    </ClCompile>
    <ClCompile Include="..\Source\Common.cpp">
      <Filter>common</Filter>
    </ClCompile>
    <ClCompile Include="..\Source\UABAssert.cpp">
      <Filter>common</Filter>
    </ClCompile>
    <ClCompile Include="..\Source\SparCraftManager.cpp">
      <Filter>sparcraft</Filter>
    </ClCompile>
    <ClCompile Include="..\source\BuildingData.cpp">
      <Filter>game\macro</Filter>
    </ClCompile>
    <ClCompile Include="..\source\BuildingManager.cpp">
      <Filter>game\macro</Filter>
    </ClCompile>
    <ClCompile Include="..\source\BuildingPlacer.cpp">
      <Filter>game\macro</Filter>
    </ClCompile>
    <ClCompile Include="..\source\ProductionManager.cpp">
      <Filter>game\macro</Filter>
    </ClCompile>
    <ClCompile Include="..\source\WorkerData.cpp">
      <Filter>game\macro</Filter>
    </ClCompile>
    <ClCompile Include="..\source\WorkerManager.cpp">
      <Filter>game\macro</Filter>
    </ClCompile>
    <ClCompile Include="..\source\DetectorManager.cpp">
      <Filter>game\combat\micro</Filter>
    </ClCompile>
    <ClCompile Include="..\source\MeleeManager.cpp">
      <Filter>game\combat\micro</Filter>
    </ClCompile>
    <ClCompile Include="..\source\MicroManager.cpp">
      <Filter>game\combat\micro</Filter>
    </ClCompile>
    <ClCompile Include="..\source\RangedManager.cpp">
      <Filter>game\combat\micro</Filter>
    </ClCompile>
    <ClCompile Include="..\source\ScoutManager.cpp">
      <Filter>game\combat\micro</Filter>
    </ClCompile>
    <ClCompile Include="..\source\TransportManager.cpp">
      <Filter>game\combat\micro</Filter>
    </ClCompile>
    <ClCompile Include="..\source\BuildOrderGoalManager.cpp">
      <Filter>game\macro\buildorders</Filter>
    </ClCompile>
    <ClCompile Include="..\source\BuildOrderQueue.cpp">
      <Filter>game\macro\buildorders</Filter>
    </ClCompile>
    <ClCompile Include="..\Source\BOSSManager.cpp">
      <Filter>game\macro\buildorders</Filter>
    </ClCompile>
    <ClCompile Include="..\source\BuildOrder.cpp">
      <Filter>game\macro\buildorders</Filter>
    </ClCompile>
    <ClCompile Include="..\source\MetaType.cpp">
      <Filter>game\macro</Filter>
    </ClCompile>
    <ClCompile Include="..\Source\Logger.cpp">
      <Filter>common</Filter>
    </ClCompile>
    <ClCompile Include="..\source\TimerManager.cpp">
      <Filter>game\util</Filter>
    </ClCompile>
    <ClCompile Include="..\Source\InformationManager.cpp">
      <Filter>game\util</Filter>
    </ClCompile>
    <ClCompile Include="..\Source\StrategyManager.cpp">
      <Filter>game\util</Filter>
    </ClCompile>
    <ClCompile Include="..\Source\UnitCommandData.cpp">
      <Filter>game\util</Filter>
    </ClCompile>
    <ClCompile Include="..\Source\UnitCommandManager.cpp">
      <Filter>game\util</Filter>
    </ClCompile>
    <ClCompile Include="..\Source\UnitData.cpp">
      <Filter>game\util</Filter>
    </ClCompile>
    <ClCompile Include="..\source\JSONTools.cpp">
      <Filter>game\util</Filter>
    </ClCompile>
    <ClCompile Include="..\Source\Config.cpp">
      <Filter>common</Filter>
    </ClCompile>
    <ClCompile Include="..\Source\AutoObserver.cpp">
      <Filter>game\util</Filter>
    </ClCompile>
  </ItemGroup>
  <ItemGroup>
    <ClInclude Include="..\Source\CombatCommander.h">
      <Filter>game\combat</Filter>
    </ClInclude>
    <ClInclude Include="..\Source\UAlbertaBotModule.h">
      <Filter>module</Filter>
    </ClInclude>
    <ClInclude Include="..\Source\MapTools.h">
      <Filter>game\util\map</Filter>
    </ClInclude>
    <ClInclude Include="..\Source\MapGrid.h">
      <Filter>game\util\map</Filter>
    </ClInclude>
    <ClInclude Include="..\Source\GameCommander.h">
      <Filter>game</Filter>
    </ClInclude>
    <ClInclude Include="..\Source\SquadOrder.h">
      <Filter>game\combat\squad</Filter>
    </ClInclude>
    <ClInclude Include="..\Source\Squad.h">
      <Filter>game\combat\squad</Filter>
    </ClInclude>
    <ClInclude Include="..\Source\SquadData.h">
      <Filter>game\combat\squad</Filter>
    </ClInclude>
    <ClInclude Include="..\Source\DistanceMap.hpp">
      <Filter>game\util\map</Filter>
    </ClInclude>
    <ClInclude Include="..\Source\Common.h">
      <Filter>common</Filter>
    </ClInclude>
    <ClInclude Include="..\Source\UABAssert.h">
      <Filter>common</Filter>
    </ClInclude>
    <ClInclude Include="..\Source\SparCraftManager.h">
      <Filter>sparcraft</Filter>
    </ClInclude>
    <ClInclude Include="..\Source\CombatSimulation.h">
      <Filter>game\combat</Filter>
    </ClInclude>
    <ClInclude Include="..\source\BuildingData.h">
      <Filter>game\macro</Filter>
    </ClInclude>
    <ClInclude Include="..\source\BuildingManager.h">
      <Filter>game\macro</Filter>
    </ClInclude>
    <ClInclude Include="..\source\BuildingPlacer.h">
      <Filter>game\macro</Filter>
    </ClInclude>
    <ClInclude Include="..\source\ProductionManager.h">
      <Filter>game\macro</Filter>
    </ClInclude>
    <ClInclude Include="..\source\WorkerData.h">
      <Filter>game\macro</Filter>
    </ClInclude>
    <ClInclude Include="..\source\WorkerManager.h">
      <Filter>game\macro</Filter>
    </ClInclude>
    <ClInclude Include="..\source\DetectorManager.h">
      <Filter>game\combat\micro</Filter>
    </ClInclude>
    <ClInclude Include="..\source\TransportManager.h">
      <Filter>game\combat\micro</Filter>
    </ClInclude>
    <ClInclude Include="..\source\MeleeManager.h">
      <Filter>game\combat\micro</Filter>
    </ClInclude>
    <ClInclude Include="..\source\MicroManager.h">
      <Filter>game\combat\micro</Filter>
    </ClInclude>
    <ClInclude Include="..\source\RangedManager.h">
      <Filter>game\combat\micro</Filter>
    </ClInclude>
    <ClInclude Include="..\source\ScoutManager.h">
      <Filter>game\combat\micro</Filter>
    </ClInclude>
    <ClInclude Include="..\source\BuildOrderGoalManager.h">
      <Filter>game\macro\buildorders</Filter>
    </ClInclude>
    <ClInclude Include="..\source\BuildOrderQueue.h">
      <Filter>game\macro\buildorders</Filter>
    </ClInclude>
    <ClInclude Include="..\Source\BOSSManager.h">
      <Filter>game\macro\buildorders</Filter>
    </ClInclude>
    <ClInclude Include="..\source\BuildOrder.h">
      <Filter>game\macro\buildorders</Filter>
    </ClInclude>
    <ClInclude Include="..\source\MetaType.h">
      <Filter>game\macro</Filter>
    </ClInclude>
    <ClInclude Include="..\Source\Logger.h">
      <Filter>common</Filter>
    </ClInclude>
    <ClInclude Include="..\source\TimerManager.h">
      <Filter>game\util</Filter>
    </ClInclude>
    <ClInclude Include="..\Source\InformationManager.h">
      <Filter>game\util</Filter>
    </ClInclude>
    <ClInclude Include="..\Source\StrategyManager.h">
      <Filter>game\util</Filter>
    </ClInclude>
    <ClInclude Include="..\Source\UnitCommandData.h">
      <Filter>game\util</Filter>
    </ClInclude>
    <ClInclude Include="..\Source\UnitCommandManager.h">
      <Filter>game\util</Filter>
    </ClInclude>
    <ClInclude Include="..\Source\UnitData.h">
      <Filter>game\util</Filter>
    </ClInclude>
    <ClInclude Include="..\source\JSONTools.h">
      <Filter>game\util</Filter>
    </ClInclude>
    <ClInclude Include="..\Source\Config.h">
      <Filter>common</Filter>
    </ClInclude>
    <ClInclude Include="..\Source\AutoObserver.h">
      <Filter>game\util</Filter>
    </ClInclude>
  </ItemGroup>
</Project>