<?xml version="1.0" encoding="utf-8"?>
<Project ToolsVersion="4.0" xmlns="http://schemas.microsoft.com/developer/msbuild/2003">
  <ItemGroup>
    <ClCompile Include="..\Source\AutoObserver.cpp" />
    <ClCompile Include="..\Source\BOSSManager.cpp" />
    <ClCompile Include="..\source\BuildingManager.cpp" />
    <ClCompile Include="..\source\BuildingPlacer.cpp" />
    <ClCompile Include="..\source\BuildOrder.cpp" />
    <ClCompile Include="..\source\BuildOrderQueue.cpp" />
    <ClCompile Include="..\Source\CombatSimulation.cpp" />
    <ClCompile Include="..\Source\CombatCommander.cpp" />
    <ClCompile Include="..\Source\Common.cpp" />
    <ClCompile Include="..\Source\DebugTools.cpp" />
    <ClCompile Include="..\source\DetectorManager.cpp" />
    <ClCompile Include="..\Source\GameCommander.cpp" />
    <ClCompile Include="..\Source\InformationManager.cpp" />
    <ClCompile Include="..\source\JSONTools.cpp" />
    <ClCompile Include="..\Source\MapGrid.cpp" />
    <ClCompile Include="..\Source\MapTools.cpp" />
    <ClCompile Include="..\Source\MedicManager.cpp" />
    <ClCompile Include="..\source\MeleeManager.cpp" />
    <ClCompile Include="..\source\MicroManager.cpp" />
    <ClCompile Include="..\Source\Config.cpp" />
    <ClCompile Include="..\Source\Micro.cpp" />
    <ClCompile Include="..\Source\ParseUtils.cpp" />
    <ClCompile Include="..\source\ProductionManager.cpp" />
    <ClCompile Include="..\source\RangedManager.cpp" />
    <ClCompile Include="..\source\ScoutManager.cpp" />
    <ClCompile Include="..\Source\Squad.cpp" />
    <ClCompile Include="..\Source\SquadData.cpp" />
    <ClCompile Include="..\Source\StrategyManager.cpp" />
    <ClCompile Include="..\Source\TankManager.cpp" />
    <ClCompile Include="..\source\TimerManager.cpp" />
    <ClCompile Include="..\source\TransportManager.cpp" />
    <ClCompile Include="..\Source\UnitData.cpp" />
    <ClCompile Include="..\Source\UnitUtil.cpp" />
    <ClCompile Include="..\source\WorkerData.cpp" />
    <ClCompile Include="..\source\WorkerManager.cpp" />
    <ClCompile Include="..\Source\MetaType.cpp" />
    <ClCompile Include="..\Source\UABAssert.cpp" />
    <ClCompile Include="..\Source\Logger.cpp" />
  </ItemGroup>
  <ItemGroup>
    <ClInclude Include="..\Source\AutoObserver.h" />
    <ClInclude Include="..\Source\BOSSManager.h" />
    <ClInclude Include="..\source\BuildingManager.h" />
    <ClInclude Include="..\source\BuildingPlacer.h" />
    <ClInclude Include="..\source\BuildOrder.h" />
    <ClInclude Include="..\source\BuildOrderQueue.h" />
    <ClInclude Include="..\Source\CombatSimulation.h" />
    <ClInclude Include="..\Source\CombatCommander.h" />
    <ClInclude Include="..\Source\Common.h" />
    <ClInclude Include="..\Source\DebugTools.h" />
    <ClInclude Include="..\source\DetectorManager.h" />
    <ClInclude Include="..\Source\DistanceMap.hpp" />
    <ClInclude Include="..\Source\GameCommander.h" />
    <ClInclude Include="..\Source\GameHistory.hpp" />
    <ClInclude Include="..\Source\InformationManager.h" />
    <ClInclude Include="..\source\JSONTools.h" />
    <ClInclude Include="..\Source\MapGrid.h" />
    <ClInclude Include="..\Source\MapTools.h" />
    <ClInclude Include="..\Source\MedicManager.h" />
    <ClInclude Include="..\source\MeleeManager.h" />
    <ClInclude Include="..\source\MetaType.h" />
    <ClInclude Include="..\source\MicroManager.h" />
    <ClInclude Include="..\Source\Config.h" />
    <ClInclude Include="..\Source\Micro.h" />
    <ClInclude Include="..\Source\ParseUtils.h" />
    <ClInclude Include="..\source\ProductionManager.h" />
    <ClInclude Include="..\source\RangedManager.h" />
    <ClInclude Include="..\source\ScoutManager.h" />
    <ClInclude Include="..\Source\Squad.h" />
    <ClInclude Include="..\Source\SquadData.h" />
    <ClInclude Include="..\Source\SquadOrder.h" />
    <ClInclude Include="..\Source\StrategyManager.h" />
    <ClInclude Include="..\Source\TankManager.h" />
    <ClInclude Include="..\source\TimerManager.h" />
    <ClInclude Include="..\source\TransportManager.h" />
    <ClInclude Include="..\Source\UnitData.h" />
    <ClInclude Include="..\Source\UnitUtil.h" />
    <ClInclude Include="..\source\WorkerData.h" />
    <ClInclude Include="..\source\WorkerManager.h" />
    <ClInclude Include="..\Source\UABAssert.h" />
    <ClInclude Include="..\Source\Logger.h" />
  </ItemGroup>
</Project>