<?xml version="1.0" encoding="utf-8"?>
<Project ToolsVersion="4.0" xmlns="http://schemas.microsoft.com/developer/msbuild/2003">
  <ItemGroup>
    <ClCompile Include="..\source\Player_AttackClosest.cpp" />
    <ClCompile Include="..\source\Player_Random.cpp" />
    <ClCompile Include="..\source\Player_Script.cpp" />
    <ClCompile Include="..\source\ScriptPlayerPolicy.cpp" />
    <ClCompile Include="..\source\Player_PortfolioGreedySearch.cpp" />
    <ClCompile Include="..\source\Player_UCT.cpp" />
    <ClCompile Include="..\source\ActionGenerators.cpp" />
    <ClCompile Include="..\source\AIParameters.cpp" />
    <ClCompile Include="..\source\AITools.cpp" />
    <ClCompile Include="..\source\Eval.cpp" />
    <ClCompile Include="..\source\MoveIterator.cpp" />
    <ClCompile Include="..\source\AllPlayers.cpp" />
    <ClCompile Include="..\source\Player.cpp" />
    <ClCompile Include="..\source\Common.cpp" />
    <ClCompile Include="..\source\SparCraft.cpp" />
    <ClCompile Include="..\source\SparCraftAssert.cpp" />
    <ClCompile Include="..\source\SparCraftException.cpp" />
    <ClCompile Include="..\source\Action.cpp" />
    <ClCompile Include="..\source\Game.cpp" />
    <ClCompile Include="..\source\GameState.cpp" />
    <ClCompile Include="..\source\GameStateUnitData.cpp" />
    <ClCompile Include="..\source\Map.cpp" />
    <ClCompile Include="..\source\Move.cpp" />
    <ClCompile Include="..\source\Unit.cpp" />
    <ClCompile Include="..\source\ConfigTools.cpp" />
    <ClCompile Include="..\source\JSONTools.cpp" />
    <ClCompile Include="..\source\MoveArray.cpp" />
    <ClCompile Include="..\source\Timer.cpp" />
    <ClCompile Include="..\source\torch\TorchFrame.cpp" />
    <ClCompile Include="..\source\torch\TorchTools.cpp" />
    <ClCompile Include="..\source\UCTSearch.cpp" />
    <ClCompile Include="..\source\PGSParameters.cpp" />
    <ClCompile Include="..\source\PortfolioGreedySearch.cpp" />
    <ClCompile Include="..\source\PlayerProperties.cpp" />
    <ClCompile Include="..\source\UnitProperties.cpp" />
    <ClCompile Include="..\source\WeaponProperties.cpp" />
    <ClCompile Include="..\source\Config.cpp" />
  </ItemGroup>
  <ItemGroup>
    <ClInclude Include="..\source\Player_AttackClosest.h" />
    <ClInclude Include="..\source\Player_Random.h" />
    <ClInclude Include="..\source\Player_Script.h" />
    <ClInclude Include="..\source\ScriptPlayerPolicy.h" />
    <ClInclude Include="..\source\Player_PortfolioGreedySearch.h" />
    <ClInclude Include="..\source\Player_UCT.h" />
    <ClInclude Include="..\source\ActionGenerators.h" />
    <ClInclude Include="..\source\AIParameters.h" />
    <ClInclude Include="..\source\AITools.h" />
    <ClInclude Include="..\source\Eval.h" />
    <ClInclude Include="..\source\MoveIterator.h" />
    <ClInclude Include="..\source\AllPlayers.h" />
    <ClInclude Include="..\source\Player.h" />
    <ClInclude Include="..\source\BaseTypes.hpp" />
    <ClInclude Include="..\source\Common.h" />
    <ClInclude Include="..\source\SparCraft.h" />
    <ClInclude Include="..\source\SparCraftAssert.h" />
    <ClInclude Include="..\source\SparCraftException.h" />
    <ClInclude Include="..\source\Action.h" />
    <ClInclude Include="..\source\Game.h" />
    <ClInclude Include="..\source\GameState.h" />
    <ClInclude Include="..\source\GameStateUnitData.h" />
    <ClInclude Include="..\source\Map.h" />
    <ClInclude Include="..\source\Move.h" />
    <ClInclude Include="..\source\Position.hpp" />
    <ClInclude Include="..\source\Unit.h" />
    <ClInclude Include="..\source\ConfigTools.h" />
    <ClInclude Include="..\source\GraphViz.hpp" />
    <ClInclude Include="..\source\JSONTools.h" />
    <ClInclude Include="..\source\MoveArray.h" />
    <ClInclude Include="..\source\Random.hpp" />
    <ClInclude Include="..\source\Timer.h" />
    <ClInclude Include="..\source\torch\TorchFrame.h" />
    <ClInclude Include="..\source\torch\TorchRefcount.h" />
    <ClInclude Include="..\source\torch\TorchTools.h" />
    <ClInclude Include="..\source\UCTMemoryPool.hpp" />
    <ClInclude Include="..\source\UCTNode.h" />
    <ClInclude Include="..\source\UCTSearch.h" />
    <ClInclude Include="..\source\UCTSearchParameters.hpp" />
    <ClInclude Include="..\source\UCTSearchResults.hpp" />
    <ClInclude Include="..\source\PGSParameters.h" />
    <ClInclude Include="..\source\PortfolioGreedySearch.h" />
    <ClInclude Include="..\source\PlayerProperties.h" />
    <ClInclude Include="..\source\UnitProperties.h" />
    <ClInclude Include="..\source\WeaponProperties.h" />
    <ClInclude Include="..\source\Config.h" />
  </ItemGroup>
</Project>