
Microsoft Visual Studio Solution File, Format Version 12.00
# Visual Studio 2013
VisualStudioVersion = 12.0.31101.0
MinimumVisualStudioVersion = 10.0.40219.1
Project("{8BC9CEB8-8B4A-11D0-8D11-00A0C91BC942}") = "BOSS", "BOSS.vcxproj", "{9F8709E3-AC4F-45F2-8105-4A99D8E2A127}"
EndProject
Project("{8BC9CEB8-8B4A-11D0-8D11-00A0C91BC942}") = "BOSS_main", "BOSS_main.vcxproj", "{25544976-2D9A-4669-8EF6-B622C3B5A42E}"
	ProjectSection(ProjectDependencies) = postProject
		{9F8709E3-AC4F-45F2-8105-4A99D8E2A127} = {9F8709E3-AC4F-45F2-8105-4A99D8E2A127}
	EndProjectSection
EndProject
Global
	GlobalSection(SolutionConfigurationPlatforms) = preSolution
		Debug|Win32 = Debug|Win32
		Debug|x64 = Debug|x64
		Release|Win32 = Release|Win32
		Release|x64 = Release|x64
	EndGlobalSection
	GlobalSection(ProjectConfigurationPlatforms) = postSolution
		{9F8709E3-AC4F-45F2-8105-4A99D8E2A127}.Debug|Win32.ActiveCfg = Debug|Win32
		{9F8709E3-AC4F-45F2-8105-4A99D8E2A127}.Debug|Win32.Build.0 = Debug|Win32
		{9F8709E3-AC4F-45F2-8105-4A99D8E2A127}.Debug|x64.ActiveCfg = Debug|Win32
		{9F8709E3-AC4F-45F2-8105-4A99D8E2A127}.Release|Win32.ActiveCfg = Release|Win32
		{9F8709E3-AC4F-45F2-8105-4A99D8E2A127}.Release|Win32.Build.0 = Release|Win32
		{9F8709E3-AC4F-45F2-8105-4A99D8E2A127}.Release|x64.ActiveCfg = Release|Win32
		{25544976-2D9A-4669-8EF6-B622C3B5A42E}.Debug|Win32.ActiveCfg = Debug|Win32
		{25544976-2D9A-4669-8EF6-B622C3B5A42E}.Debug|Win32.Build.0 = Debug|Win32
		{25544976-2D9A-4669-8EF6-B622C3B5A42E}.Debug|x64.ActiveCfg = Debug|Win32
		{25544976-2D9A-4669-8EF6-B622C3B5A42E}.Release|Win32.ActiveCfg = Release|Win32
		{25544976-2D9A-4669-8EF6-B622C3B5A42E}.Release|Win32.Build.0 = Release|Win32
		{25544976-2D9A-4669-8EF6-B622C3B5A42E}.Release|x64.ActiveCfg = Release|Win32
	EndGlobalSection
	GlobalSection(SolutionProperties) = preSolution
		HideSolutionNode = FALSE
	EndGlobalSection
	GlobalSection(Performance) = preSolution
		HasPerformanceSessions = true
	EndGlobalSection
EndGlobal
