<?xml version="1.0" encoding="utf-8"?>
<Project ToolsVersion="4.0" xmlns="http://schemas.microsoft.com/developer/msbuild/2003">
  <ItemGroup>
    <ClCompile Include="..\source\BOSS.cpp">
      <Filter>common</Filter>
    </ClCompile>
    <ClCompile Include="..\source\ActionInProgress.cpp">
      <Filter>state</Filter>
    </ClCompile>
    <ClCompile Include="..\source\BuildingData.cpp">
      <Filter>state</Filter>
    </ClCompile>
    <ClCompile Include="..\source\GameState.cpp">
      <Filter>state</Filter>
    </ClCompile>
    <ClCompile Include="..\source\CombatSearch.cpp">
      <Filter>search\CombatSearch</Filter>
    </ClCompile>
    <ClCompile Include="..\source\UnitData.cpp">
      <Filter>state</Filter>
    </ClCompile>
    <ClCompile Include="..\source\Eval.cpp">
      <Filter>search\util</Filter>
    </ClCompile>
    <ClCompile Include="..\source\ActionType.cpp">
      <Filter>state</Filter>
    </ClCompile>
    <ClCompile Include="..\source\ActionTypeData.cpp">
      <Filter>state</Filter>
    </ClCompile>
    <ClCompile Include="..\source\CombatSearchResults.cpp">
      <Filter>search\CombatSearch</Filter>
    </ClCompile>
    <ClCompile Include="..\source\CombatSearchParameters.cpp">
      <Filter>search\CombatSearch</Filter>
    </ClCompile>
    <ClCompile Include="..\source\PrerequisiteSet.cpp">
      <Filter>util</Filter>
    </ClCompile>
    <ClCompile Include="..\source\ActionSet.cpp">
      <Filter>util</Filter>
    </ClCompile>
    <ClCompile Include="..\source\Tools.cpp">
      <Filter>search\util</Filter>
    </ClCompile>
    <ClCompile Include="..\source\CombatSearchBucket.cpp">
      <Filter>search\CombatSearch</Filter>
    </ClCompile>
    <ClCompile Include="..\source\CombatSearchIntegral.cpp">
      <Filter>search\CombatSearch</Filter>
    </ClCompile>
    <ClCompile Include="..\source\DFBB_BuildOrderSearchGoal.cpp">
      <Filter>search\BuildOrderSearch</Filter>
    </ClCompile>
    <ClCompile Include="..\source\DFBB_BuildOrderSearchSaveState.cpp">
      <Filter>search\BuildOrderSearch</Filter>
    </ClCompile>
    <ClCompile Include="..\source\DFBB_BuildOrderSmartSearch.cpp">
      <Filter>search\BuildOrderSearch</Filter>
    </ClCompile>
    <ClCompile Include="..\source\BOSSAssert.cpp">
      <Filter>common</Filter>
    </ClCompile>
    <ClCompile Include="..\source\DFBB_BuildOrderSearchParameters.cpp">
      <Filter>search\BuildOrderSearch</Filter>
    </ClCompile>
    <ClCompile Include="..\source\DFBB_BuildOrderSearchResults.cpp">
      <Filter>search\BuildOrderSearch</Filter>
    </ClCompile>
    <ClCompile Include="..\source\DFBB_BuildOrderStackSearch.cpp">
      <Filter>search\BuildOrderSearch</Filter>
    </ClCompile>
    <ClCompile Include="..\source\Constants.cpp">
      <Filter>common</Filter>
    </ClCompile>
    <ClCompile Include="..\source\HatcheryData.cpp">
      <Filter>state</Filter>
    </ClCompile>
    <ClCompile Include="..\source\bwapidata\AIModule.cpp">
      <Filter>bwapidata</Filter>
    </ClCompile>
    <ClCompile Include="..\source\bwapidata\Bitmap.cpp">
      <Filter>bwapidata</Filter>
    </ClCompile>
    <ClCompile Include="..\source\bwapidata\BulletType.cpp">
      <Filter>bwapidata</Filter>
    </ClCompile>
    <ClCompile Include="..\source\bwapidata\BWAPIDATA.cpp">
      <Filter>bwapidata</Filter>
    </ClCompile>
    <ClCompile Include="..\source\bwapidata\Color.cpp">
      <Filter>bwapidata</Filter>
    </ClCompile>
    <ClCompile Include="..\source\bwapidata\Common.cpp">
      <Filter>bwapidata</Filter>
    </ClCompile>
    <ClCompile Include="..\source\bwapidata\DamageType.cpp">
      <Filter>bwapidata</Filter>
    </ClCompile>
    <ClCompile Include="..\source\bwapidata\Error.cpp">
      <Filter>bwapidata</Filter>
    </ClCompile>
    <ClCompile Include="..\source\bwapidata\Event.cpp">
      <Filter>bwapidata</Filter>
    </ClCompile>
    <ClCompile Include="..\source\bwapidata\ExplosionType.cpp">
      <Filter>bwapidata</Filter>
    </ClCompile>
    <ClCompile Include="..\source\bwapidata\GameType.cpp">
      <Filter>bwapidata</Filter>
    </ClCompile>
    <ClCompile Include="..\source\bwapidata\Order.cpp">
      <Filter>bwapidata</Filter>
    </ClCompile>
    <ClCompile Include="..\source\bwapidata\PlayerType.cpp">
      <Filter>bwapidata</Filter>
    </ClCompile>
    <ClCompile Include="..\source\bwapidata\Position.cpp">
      <Filter>bwapidata</Filter>
    </ClCompile>
    <ClCompile Include="..\source\bwapidata\Race.cpp">
      <Filter>bwapidata</Filter>
    </ClCompile>
    <ClCompile Include="..\source\bwapidata\TechType.cpp">
      <Filter>bwapidata</Filter>
    </ClCompile>
    <ClCompile Include="..\source\bwapidata\TilePosition.cpp">
      <Filter>bwapidata</Filter>
    </ClCompile>
    <ClCompile Include="..\source\bwapidata\UnitCommandType.cpp">
      <Filter>bwapidata</Filter>
    </ClCompile>
    <ClCompile Include="..\source\bwapidata\UnitSizeType.cpp">
      <Filter>bwapidata</Filter>
    </ClCompile>
    <ClCompile Include="..\source\bwapidata\UnitType.cpp">
      <Filter>bwapidata</Filter>
    </ClCompile>
    <ClCompile Include="..\source\bwapidata\UpgradeType.cpp">
      <Filter>bwapidata</Filter>
    </ClCompile>
    <ClCompile Include="..\source\bwapidata\WeaponType.cpp">
      <Filter>bwapidata</Filter>
    </ClCompile>
    <ClCompile Include="..\source\bwapidata\Util\Exceptions.cpp">
      <Filter>bwapidata\Util</Filter>
    </ClCompile>
    <ClCompile Include="..\source\bwapidata\Util\FileLogger.cpp">
      <Filter>bwapidata\Util</Filter>
    </ClCompile>
    <ClCompile Include="..\source\bwapidata\Util\Logger.cpp">
      <Filter>bwapidata\Util</Filter>
    </ClCompile>
    <ClCompile Include="..\source\bwapidata\Util\sha1.cpp">
      <Filter>bwapidata\Util</Filter>
    </ClCompile>
    <ClCompile Include="..\source\bwapidata\Util\Strings.cpp">
      <Filter>bwapidata\Util</Filter>
    </ClCompile>
    <ClCompile Include="..\source\BOSSLogger.cpp">
      <Filter>util</Filter>
    </ClCompile>
  </ItemGroup>
  <ItemGroup>
    <ClInclude Include="..\source\Timer.hpp">
      <Filter>util</Filter>
    </ClInclude>
    <ClInclude Include="..\source\Common.h">
      <Filter>common</Filter>
    </ClInclude>
    <ClInclude Include="..\source\BOSS.h">
      <Filter>common</Filter>
    </ClInclude>
    <ClInclude Include="..\source\ActionInProgress.h">
      <Filter>state</Filter>
    </ClInclude>
    <ClInclude Include="..\source\BuildingData.h">
      <Filter>state</Filter>
    </ClInclude>
    <ClInclude Include="..\source\GameState.h">
      <Filter>state</Filter>
    </ClInclude>
    <ClInclude Include="..\source\CombatSearch.h">
      <Filter>search\CombatSearch</Filter>
    </ClInclude>
    <ClInclude Include="..\source\Array.hpp">
      <Filter>util</Filter>
    </ClInclude>
    <ClInclude Include="..\source\UnitData.h">
      <Filter>state</Filter>
    </ClInclude>
    <ClInclude Include="..\source\Eval.h">
      <Filter>search\util</Filter>
    </ClInclude>
    <ClInclude Include="..\source\BaseTypes.h">
      <Filter>common</Filter>
    </ClInclude>
    <ClInclude Include="..\source\ActionType.h">
      <Filter>state</Filter>
    </ClInclude>
    <ClInclude Include="..\source\ActionTypeData.h">
      <Filter>state</Filter>
    </ClInclude>
    <ClInclude Include="..\source\GraphViz.hpp">
      <Filter>util</Filter>
    </ClInclude>
    <ClInclude Include="..\source\CombatSearchResults.h">
      <Filter>search\CombatSearch</Filter>
    </ClInclude>
    <ClInclude Include="..\source\CombatSearchParameters.h">
      <Filter>search\CombatSearch</Filter>
    </ClInclude>
    <ClInclude Include="..\source\Constants.h">
      <Filter>common</Filter>
    </ClInclude>
    <ClInclude Include="..\source\PrerequisiteSet.h">
      <Filter>util</Filter>
    </ClInclude>
    <ClInclude Include="..\source\ActionSet.h">
      <Filter>util</Filter>
    </ClInclude>
    <ClInclude Include="..\source\Tools.h">
      <Filter>search\util</Filter>
    </ClInclude>
    <ClInclude Include="..\source\CombatSearchBucket.h">
      <Filter>search\CombatSearch</Filter>
    </ClInclude>
    <ClInclude Include="..\source\CombatSearchIntegral.h">
      <Filter>search\CombatSearch</Filter>
    </ClInclude>
    <ClInclude Include="..\source\DFBB_BuildOrderSearchGoal.h">
      <Filter>search\BuildOrderSearch</Filter>
    </ClInclude>
    <ClInclude Include="..\source\DFBB_BuildOrderSearchSaveState.h">
      <Filter>search\BuildOrderSearch</Filter>
    </ClInclude>
    <ClInclude Include="..\source\DFBB_BuildOrderSmartSearch.h">
      <Filter>search\BuildOrderSearch</Filter>
    </ClInclude>
    <ClInclude Include="..\source\BOSSAssert.h">
      <Filter>common</Filter>
    </ClInclude>
    <ClInclude Include="..\source\DFBB_BuildOrderSearchParameters.h">
      <Filter>search\BuildOrderSearch</Filter>
    </ClInclude>
    <ClInclude Include="..\source\DFBB_BuildOrderSearchResults.h">
      <Filter>search\BuildOrderSearch</Filter>
    </ClInclude>
    <ClInclude Include="..\source\DFBB_BuildOrderStackSearch.h">
      <Filter>search\BuildOrderSearch</Filter>
    </ClInclude>
    <ClInclude Include="..\source\Position.hpp">
      <Filter>common</Filter>
    </ClInclude>
    <ClInclude Include="..\source\HatcheryData.h">
      <Filter>state</Filter>
    </ClInclude>
    <ClInclude Include="..\source\bwapidata\BWAPIDATA.h">
      <Filter>bwapidata</Filter>
    </ClInclude>
    <ClInclude Include="..\source\bwapidata\Common.h">
      <Filter>bwapidata</Filter>
    </ClInclude>
    <ClInclude Include="..\source\bwapidata\BWAPIDATA\AIModule.h">
      <Filter>bwapidata\BWAPIDATA</Filter>
    </ClInclude>
    <ClInclude Include="..\source\bwapidata\BWAPIDATA\Bitmap.h">
      <Filter>bwapidata\BWAPIDATA</Filter>
    </ClInclude>
    <ClInclude Include="..\source\bwapidata\BWAPIDATA\Bullet.h">
      <Filter>bwapidata\BWAPIDATA</Filter>
    </ClInclude>
    <ClInclude Include="..\source\bwapidata\BWAPIDATA\BulletType.h">
      <Filter>bwapidata\BWAPIDATA</Filter>
    </ClInclude>
    <ClInclude Include="..\source\bwapidata\BWAPIDATA\Client.h">
      <Filter>bwapidata\BWAPIDATA</Filter>
    </ClInclude>
    <ClInclude Include="..\source\bwapidata\BWAPIDATA\Color.h">
      <Filter>bwapidata\BWAPIDATA</Filter>
    </ClInclude>
    <ClInclude Include="..\source\bwapidata\BWAPIDATA\Constants.h">
      <Filter>bwapidata\BWAPIDATA</Filter>
    </ClInclude>
    <ClInclude Include="..\source\bwapidata\BWAPIDATA\CoordinateType.h">
      <Filter>bwapidata\BWAPIDATA</Filter>
    </ClInclude>
    <ClInclude Include="..\source\bwapidata\BWAPIDATA\DamageType.h">
      <Filter>bwapidata\BWAPIDATA</Filter>
    </ClInclude>
    <ClInclude Include="..\source\bwapidata\BWAPIDATA\Error.h">
      <Filter>bwapidata\BWAPIDATA</Filter>
    </ClInclude>
    <ClInclude Include="..\source\bwapidata\BWAPIDATA\Event.h">
      <Filter>bwapidata\BWAPIDATA</Filter>
    </ClInclude>
    <ClInclude Include="..\source\bwapidata\BWAPIDATA\EventType.h">
      <Filter>bwapidata\BWAPIDATA</Filter>
    </ClInclude>
    <ClInclude Include="..\source\bwapidata\BWAPIDATA\ExplosionType.h">
      <Filter>bwapidata\BWAPIDATA</Filter>
    </ClInclude>
    <ClInclude Include="..\source\bwapidata\BWAPIDATA\Flag.h">
      <Filter>bwapidata\BWAPIDATA</Filter>
    </ClInclude>
    <ClInclude Include="..\source\bwapidata\BWAPIDATA\Force.h">
      <Filter>bwapidata\BWAPIDATA</Filter>
    </ClInclude>
    <ClInclude Include="..\source\bwapidata\BWAPIDATA\Game.h">
      <Filter>bwapidata\BWAPIDATA</Filter>
    </ClInclude>
    <ClInclude Include="..\source\bwapidata\BWAPIDATA\GameType.h">
      <Filter>bwapidata\BWAPIDATA</Filter>
    </ClInclude>
    <ClInclude Include="..\source\bwapidata\BWAPIDATA\Input.h">
      <Filter>bwapidata\BWAPIDATA</Filter>
    </ClInclude>
    <ClInclude Include="..\source\bwapidata\BWAPIDATA\Latency.h">
      <Filter>bwapidata\BWAPIDATA</Filter>
    </ClInclude>
    <ClInclude Include="..\source\bwapidata\BWAPIDATA\Order.h">
      <Filter>bwapidata\BWAPIDATA</Filter>
    </ClInclude>
    <ClInclude Include="..\source\bwapidata\BWAPIDATA\Player.h">
      <Filter>bwapidata\BWAPIDATA</Filter>
    </ClInclude>
    <ClInclude Include="..\source\bwapidata\BWAPIDATA\PlayerType.h">
      <Filter>bwapidata\BWAPIDATA</Filter>
    </ClInclude>
    <ClInclude Include="..\source\bwapidata\BWAPIDATA\Position.h">
      <Filter>bwapidata\BWAPIDATA</Filter>
    </ClInclude>
    <ClInclude Include="..\source\bwapidata\BWAPIDATA\Race.h">
      <Filter>bwapidata\BWAPIDATA</Filter>
    </ClInclude>
    <ClInclude Include="..\source\bwapidata\BWAPIDATA\TechType.h">
      <Filter>bwapidata\BWAPIDATA</Filter>
    </ClInclude>
    <ClInclude Include="..\source\bwapidata\BWAPIDATA\TilePosition.h">
      <Filter>bwapidata\BWAPIDATA</Filter>
    </ClInclude>
    <ClInclude Include="..\source\bwapidata\BWAPIDATA\Unit.h">
      <Filter>bwapidata\BWAPIDATA</Filter>
    </ClInclude>
    <ClInclude Include="..\source\bwapidata\BWAPIDATA\UnitCommand.h">
      <Filter>bwapidata\BWAPIDATA</Filter>
    </ClInclude>
    <ClInclude Include="..\source\bwapidata\BWAPIDATA\UnitCommandType.h">
      <Filter>bwapidata\BWAPIDATA</Filter>
    </ClInclude>
    <ClInclude Include="..\source\bwapidata\BWAPIDATA\UnitSizeType.h">
      <Filter>bwapidata\BWAPIDATA</Filter>
    </ClInclude>
    <ClInclude Include="..\source\bwapidata\BWAPIDATA\UnitType.h">
      <Filter>bwapidata\BWAPIDATA</Filter>
    </ClInclude>
    <ClInclude Include="..\source\bwapidata\BWAPIDATA\UpgradeType.h">
      <Filter>bwapidata\BWAPIDATA</Filter>
    </ClInclude>
    <ClInclude Include="..\source\bwapidata\BWAPIDATA\WeaponType.h">
      <Filter>bwapidata\BWAPIDATA</Filter>
    </ClInclude>
    <ClInclude Include="..\source\bwapidata\BWAPIDATA\Client\BulletData.h">
      <Filter>bwapidata\BWAPIDATA\Client</Filter>
    </ClInclude>
    <ClInclude Include="..\source\bwapidata\BWAPIDATA\Client\BulletImpl.h">
      <Filter>bwapidata\BWAPIDATA\Client</Filter>
    </ClInclude>
    <ClInclude Include="..\source\bwapidata\BWAPIDATA\Client\Client.h">
      <Filter>bwapidata\BWAPIDATA\Client</Filter>
    </ClInclude>
    <ClInclude Include="..\source\bwapidata\BWAPIDATA\Client\Command.h">
      <Filter>bwapidata\BWAPIDATA\Client</Filter>
    </ClInclude>
    <ClInclude Include="..\source\bwapidata\BWAPIDATA\Client\CommandType.h">
      <Filter>bwapidata\BWAPIDATA\Client</Filter>
    </ClInclude>
    <ClInclude Include="..\source\bwapidata\BWAPIDATA\Client\Event.h">
      <Filter>bwapidata\BWAPIDATA\Client</Filter>
    </ClInclude>
    <ClInclude Include="..\source\bwapidata\BWAPIDATA\Client\ForceData.h">
      <Filter>bwapidata\BWAPIDATA\Client</Filter>
    </ClInclude>
    <ClInclude Include="..\source\bwapidata\BWAPIDATA\Client\ForceImpl.h">
      <Filter>bwapidata\BWAPIDATA\Client</Filter>
    </ClInclude>
    <ClInclude Include="..\source\bwapidata\BWAPIDATA\Client\GameData.h">
      <Filter>bwapidata\BWAPIDATA\Client</Filter>
    </ClInclude>
    <ClInclude Include="..\source\bwapidata\BWAPIDATA\Client\GameImpl.h">
      <Filter>bwapidata\BWAPIDATA\Client</Filter>
    </ClInclude>
    <ClInclude Include="..\source\bwapidata\BWAPIDATA\Client\PlayerData.h">
      <Filter>bwapidata\BWAPIDATA\Client</Filter>
    </ClInclude>
    <ClInclude Include="..\source\bwapidata\BWAPIDATA\Client\PlayerImpl.h">
      <Filter>bwapidata\BWAPIDATA\Client</Filter>
    </ClInclude>
    <ClInclude Include="..\source\bwapidata\BWAPIDATA\Client\Shape.h">
      <Filter>bwapidata\BWAPIDATA\Client</Filter>
    </ClInclude>
    <ClInclude Include="..\source\bwapidata\BWAPIDATA\Client\ShapeType.h">
      <Filter>bwapidata\BWAPIDATA\Client</Filter>
    </ClInclude>
    <ClInclude Include="..\source\bwapidata\BWAPIDATA\Client\UnitCommand.h">
      <Filter>bwapidata\BWAPIDATA\Client</Filter>
    </ClInclude>
    <ClInclude Include="..\source\bwapidata\BWAPIDATA\Client\UnitData.h">
      <Filter>bwapidata\BWAPIDATA\Client</Filter>
    </ClInclude>
    <ClInclude Include="..\source\bwapidata\BWAPIDATA\Client\UnitImpl.h">
      <Filter>bwapidata\BWAPIDATA\Client</Filter>
    </ClInclude>
    <ClInclude Include="..\source\bwapidata\Util\Bitmask.h">
      <Filter>bwapidata\Util</Filter>
    </ClInclude>
    <ClInclude Include="..\source\bwapidata\Util\Exceptions.h">
      <Filter>bwapidata\Util</Filter>
    </ClInclude>
    <ClInclude Include="..\source\bwapidata\Util\FileLogger.h">
      <Filter>bwapidata\Util</Filter>
    </ClInclude>
    <ClInclude Include="..\source\bwapidata\Util\Foreach.h">
      <Filter>bwapidata\Util</Filter>
    </ClInclude>
    <ClInclude Include="..\source\bwapidata\Util\Gnu.h">
      <Filter>bwapidata\Util</Filter>
    </ClInclude>
    <ClInclude Include="..\source\bwapidata\Util\Logger.h">
      <Filter>bwapidata\Util</Filter>
    </ClInclude>
    <ClInclude Include="..\source\bwapidata\Util\LogLevel.h">
      <Filter>bwapidata\Util</Filter>
    </ClInclude>
    <ClInclude Include="..\source\bwapidata\Util\RectangleArray.h">
      <Filter>bwapidata\Util</Filter>
    </ClInclude>
    <ClInclude Include="..\source\bwapidata\Util\RegionQuadTree.h">
      <Filter>bwapidata\Util</Filter>
    </ClInclude>
    <ClInclude Include="..\source\bwapidata\Util\sha1.h">
      <Filter>bwapidata\Util</Filter>
    </ClInclude>
    <ClInclude Include="..\source\bwapidata\Util\Strings.h">
      <Filter>bwapidata\Util</Filter>
    </ClInclude>
    <ClInclude Include="..\source\bwapidata\Util\Types.h">
      <Filter>bwapidata\Util</Filter>
    </ClInclude>
    <ClInclude Include="..\source\BOSSLogger.h">
      <Filter>util</Filter>
    </ClInclude>
  </ItemGroup>
  <ItemGroup>
    <Filter Include="util">
      <UniqueIdentifier>{c90b8009-1e1e-42e5-a28e-017e8e72cfe1}</UniqueIdentifier>
    </Filter>
    <Filter Include="common">
      <UniqueIdentifier>{f458ce38-5149-4277-8582-e76bc9eaab52}</UniqueIdentifier>
    </Filter>
    <Filter Include="search">
      <UniqueIdentifier>{0f8d0d91-8735-4269-b306-24e4a55588ad}</UniqueIdentifier>
    </Filter>
    <Filter Include="search\util">
      <UniqueIdentifier>{e1d1becf-4265-4c2c-aa97-d66a9a961a6d}</UniqueIdentifier>
    </Filter>
    <Filter Include="state">
      <UniqueIdentifier>{975df5db-5385-4879-9a2a-e0f7d4354574}</UniqueIdentifier>
    </Filter>
    <Filter Include="search\CombatSearch">
      <UniqueIdentifier>{c231a723-7f0a-4414-bbef-4928739d854e}</UniqueIdentifier>
    </Filter>
    <Filter Include="search\BuildOrderSearch">
      <UniqueIdentifier>{be1fbb05-de74-477b-9915-4a5ef14b38db}</UniqueIdentifier>
    </Filter>
    <Filter Include="bwapidata">
      <UniqueIdentifier>{18aec8d1-25dd-48f4-bce5-71ea850ca884}</UniqueIdentifier>
    </Filter>
    <Filter Include="bwapidata\BWAPIDATA">
      <UniqueIdentifier>{8af04d2b-56d5-43c0-980e-8b9cbb2d55ca}</UniqueIdentifier>
    </Filter>
    <Filter Include="bwapidata\Util">
      <UniqueIdentifier>{333c4f91-1648-44ac-aae3-de3701372b79}</UniqueIdentifier>
    </Filter>
    <Filter Include="bwapidata\BWAPIDATA\Client">
      <UniqueIdentifier>{20b29122-0e39-44f3-80a9-8c063827002c}</UniqueIdentifier>
    </Filter>
  </ItemGroup>
</Project>