<?xml version="1.0" encoding="utf-8"?>
<Project ToolsVersion="4.0" xmlns="http://schemas.microsoft.com/developer/msbuild/2003">
  <ItemGroup>
    <ClCompile Include="..\source\BOSS_main.cpp" />
    <ClCompile Include="..\source\BuildOrderTester.cpp">
      <Filter>testing</Filter>
    </ClCompile>
    <ClCompile Include="..\source\CombatSearchExperiment.cpp">
      <Filter>experiments</Filter>
    </ClCompile>
    <ClCompile Include="..\source\BOSSPlotBuildOrders.cpp">
      <Filter>experiments</Filter>
    </ClCompile>
    <ClCompile Include="..\source\BOSSParameters.cpp">
      <Filter>experiments</Filter>
    </ClCompile>
    <ClCompile Include="..\source\BOSSExperiments.cpp">
      <Filter>experiments</Filter>
    </ClCompile>
  </ItemGroup>
  <ItemGroup>
    <Filter Include="experiments">
      <UniqueIdentifier>{1d1bf021-f0f5-44d7-abf5-ded9f0d6ed4d}</UniqueIdentifier>
    </Filter>
    <Filter Include="testing">
      <UniqueIdentifier>{b8dbb056-eafb-4ae0-8475-538af1b4bae4}</UniqueIdentifier>
    </Filter>
  </ItemGroup>
  <ItemGroup>
    <ClInclude Include="..\source\BuildOrderTester.h">
      <Filter>testing</Filter>
    </ClInclude>
    <ClInclude Include="..\source\CombatSearchExperiment.h">
      <Filter>experiments</Filter>
    </ClInclude>
    <ClInclude Include="..\source\BOSSPlotBuildOrders.h">
      <Filter>experiments</Filter>
    </ClInclude>
    <ClInclude Include="..\source\BOSSParameters.h">
      <Filter>experiments</Filter>
    </ClInclude>
    <ClInclude Include="..\source\BOSSExperiments.h">
      <Filter>experiments</Filter>
    </ClInclude>
  </ItemGroup>
</Project>