<?xml version="1.0" encoding="utf-8"?>
<Project ToolsVersion="4.0" xmlns="http://schemas.microsoft.com/developer/msbuild/2003">
  <ItemGroup>
    <Filter Include="Source Files">
      <UniqueIdentifier>{4FC737F1-C7A5-4376-A066-2A32D752A2FF}</UniqueIdentifier>
      <Extensions>cpp;c;cc;cxx;def;odl;idl;hpj;bat;asm;asmx</Extensions>
    </Filter>
    <Filter Include="Header Files">
      <UniqueIdentifier>{93995380-89BD-4b04-88EB-625FBE52EBFB}</UniqueIdentifier>
      <Extensions>h;hh;hpp;hxx;hm;inl;inc;xsd</Extensions>
    </Filter>
    <Filter Include="Resource Files">
      <UniqueIdentifier>{67DA6AB6-F800-4c08-8B7A-83BB121AAD01}</UniqueIdentifier>
      <Extensions>rc;ico;cur;bmp;dlg;rc2;rct;bin;rgs;gif;jpg;jpeg;jpe;resx;tiff;tif;png;wav;mfcribbon-ms</Extensions>
    </Filter>
    <Filter Include="Shared">
      <UniqueIdentifier>{1eb8c39c-07f9-4afe-8d19-29bdc273628d}</UniqueIdentifier>
    </Filter>
    <Filter Include="TestLib">
      <UniqueIdentifier>{9ce128c7-b7c0-40ee-a6fd-0cdb3fcf5745}</UniqueIdentifier>
    </Filter>
    <Filter Include="commands">
      <UniqueIdentifier>{f4222d05-2802-43ad-b636-3606ed15ebb5}</UniqueIdentifier>
    </Filter>
  </ItemGroup>
  <ItemGroup>
    <ClCompile Include="stdafx.cpp">
      <Filter>Source Files</Filter>
    </ClCompile>
    <ClCompile Include="unittest1.cpp">
      <Filter>Source Files</Filter>
    </ClCompile>
    <ClCompile Include="Shared\BulletShared.cpp">
      <Filter>Shared</Filter>
    </ClCompile>
    <ClCompile Include="Shared\ForceShared.cpp">
      <Filter>Shared</Filter>
    </ClCompile>
    <ClCompile Include="Shared\GameShared.cpp">
      <Filter>Shared</Filter>
    </ClCompile>
    <ClCompile Include="Shared\PlayerShared.cpp">
      <Filter>Shared</Filter>
    </ClCompile>
    <ClCompile Include="Shared\RegionShared.cpp">
      <Filter>Shared</Filter>
    </ClCompile>
    <ClCompile Include="Shared\UnitShared.cpp">
      <Filter>Shared</Filter>
    </ClCompile>
    <ClCompile Include="TestLib\GameImpl.cpp">
      <Filter>TestLib</Filter>
    </ClCompile>
    <ClCompile Include="TestLib\PlayerImpl.cpp">
      <Filter>TestLib</Filter>
    </ClCompile>
    <ClCompile Include="TestLib\RegionImpl.cpp">
      <Filter>TestLib</Filter>
    </ClCompile>
    <ClCompile Include="TestLib\UnitImpl.cpp">
      <Filter>TestLib</Filter>
    </ClCompile>
    <ClCompile Include="TestLib\BulletImpl.cpp">
      <Filter>TestLib</Filter>
    </ClCompile>
    <ClCompile Include="TestLib\ForceImpl.cpp">
      <Filter>TestLib</Filter>
    </ClCompile>
    <ClCompile Include="BotConfigurationTest.cpp">
      <Filter>Source Files</Filter>
    </ClCompile>
    <ClCompile Include="BaseLocationManagerTest.cpp">
      <Filter>Source Files</Filter>
    </ClCompile>
    <ClCompile Include="NullLogger.cpp">
      <Filter>Source Files</Filter>
    </ClCompile>
    <ClCompile Include="CommandManagerTest.cpp">
      <Filter>commands</Filter>
    </ClCompile>
    <ClCompile Include="ExplorerManagerTest.cpp">
      <Filter>Source Files</Filter>
    </ClCompile>
    <ClCompile Include="MeleeManagerTest.cpp">
      <Filter>Source Files</Filter>
    </ClCompile>
    <ClCompile Include="UnitHelper.cpp">
      <Filter>Source Files</Filter>
    </ClCompile>
    <ClCompile Include="GameHelper.cpp">
      <Filter>Source Files</Filter>
    </ClCompile>
    <ClCompile Include="RangedManagerTest.cpp">
      <Filter>Source Files</Filter>
    </ClCompile>
  </ItemGroup>
  <ItemGroup>
    <ClInclude Include="stdafx.h">
      <Filter>Header Files</Filter>
    </ClInclude>
    <ClInclude Include="targetver.h">
      <Filter>Header Files</Filter>
    </ClInclude>
    <ClInclude Include="Shared\Templates.h">
      <Filter>Shared</Filter>
    </ClInclude>
    <ClInclude Include="TestLib\ForceImpl.h">
      <Filter>TestLib</Filter>
    </ClInclude>
    <ClInclude Include="TestLib\GameImpl.h">
      <Filter>TestLib</Filter>
    </ClInclude>
    <ClInclude Include="TestLib\PlayerImpl.h">
      <Filter>TestLib</Filter>
    </ClInclude>
    <ClInclude Include="TestLib\RegionImpl.h">
      <Filter>TestLib</Filter>
    </ClInclude>
    <ClInclude Include="TestLib\UnitImpl.h">
      <Filter>TestLib</Filter>
    </ClInclude>
    <ClInclude Include="TestLib\BulletImpl.h">
      <Filter>TestLib</Filter>
    </ClInclude>
    <ClInclude Include="TestLib\Convenience.h">
      <Filter>TestLib</Filter>
    </ClInclude>
    <ClInclude Include="PlainOpponentView.h">
      <Filter>Header Files</Filter>
    </ClInclude>
    <ClInclude Include="NullLogger.h">
      <Filter>Header Files</Filter>
    </ClInclude>
    <ClInclude Include="UnitHelper.h">
      <Filter>Header Files</Filter>
    </ClInclude>
    <ClInclude Include="GameHelper.h">
      <Filter>Header Files</Filter>
    </ClInclude>
  </ItemGroup>
  <ItemGroup>
    <None Include="AK_Config.json">
      <Filter>Resource Files</Filter>
    </None>
    <None Include="Config_WithError.json">
      <Filter>Resource Files</Filter>
    </None>
  </ItemGroup>
</Project>